
Microsoft Visual Studio Solution File, Format Version 12.00
# Visual Studio 2013
VisualStudioVersion = 12.0.21005.1
MinimumVisualStudioVersion = 10.0.40219.1
Project("{FAE04EC0-301F-11D3-BF4B-00C04F79EFBC}") = "Employees", "Employees\Employees.csproj", "{971B035F-7E5C-415F-88A3-4C57DBD7A434}"
EndProject
Project("{FAE04EC0-301F-11D3-BF4B-00C04F79EFBC}") = "Authenticates", "Authenticates\Authenticates.csproj", "{C440FAD4-1698-4C8B-8B64-A7CB6EF8F9A6}"
EndProject
Project("{FAE04EC0-301F-11D3-BF4B-00C04F79EFBC}") = "Employees.Data", "Employees.Data\Employees.Data.csproj", "{43516324-1BB3-4A92-B035-2120DF03A1C5}"
EndProject
Project("{FAE04EC0-301F-11D3-BF4B-00C04F79EFBC}") = "Employee.Model", "Employee.Mode;l\Employee.Model.csproj", "{5838AD01-3183-4E03-8E12-F5332AFD4573}"
EndProject
Project("{FAE04EC0-301F-11D3-BF4B-00C04F79EFBC}") = "Employees.Services", "Employees.Services\Employees.Services.csproj", "{DA7AB283-CACA-4722-B015-56B123480B2B}"
EndProject
Global
	GlobalSection(SolutionConfigurationPlatforms) = preSolution
		Debug|Any CPU = Debug|Any CPU
		Release|Any CPU = Release|Any CPU
	EndGlobalSection
	GlobalSection(ProjectConfigurationPlatforms) = postSolution
		{971B035F-7E5C-415F-88A3-4C57DBD7A434}.Debug|Any CPU.ActiveCfg = Debug|Any CPU
		{971B035F-7E5C-415F-88A3-4C57DBD7A434}.Debug|Any CPU.Build.0 = Debug|Any CPU
		{971B035F-7E5C-415F-88A3-4C57DBD7A434}.Release|Any CPU.ActiveCfg = Release|Any CPU
		{971B035F-7E5C-415F-88A3-4C57DBD7A434}.Release|Any CPU.Build.0 = Release|Any CPU
		{C440FAD4-1698-4C8B-8B64-A7CB6EF8F9A6}.Debug|Any CPU.ActiveCfg = Debug|Any CPU
		{C440FAD4-1698-4C8B-8B64-A7CB6EF8F9A6}.Debug|Any CPU.Build.0 = Debug|Any CPU
		{C440FAD4-1698-4C8B-8B64-A7CB6EF8F9A6}.Release|Any CPU.ActiveCfg = Release|Any CPU
		{C440FAD4-1698-4C8B-8B64-A7CB6EF8F9A6}.Release|Any CPU.Build.0 = Release|Any CPU
		{43516324-1BB3-4A92-B035-2120DF03A1C5}.Debug|Any CPU.ActiveCfg = Debug|Any CPU
		{43516324-1BB3-4A92-B035-2120DF03A1C5}.Debug|Any CPU.Build.0 = Debug|Any CPU
		{43516324-1BB3-4A92-B035-2120DF03A1C5}.Release|Any CPU.ActiveCfg = Release|Any CPU
		{43516324-1BB3-4A92-B035-2120DF03A1C5}.Release|Any CPU.Build.0 = Release|Any CPU
		{5838AD01-3183-4E03-8E12-F5332AFD4573}.Debug|Any CPU.ActiveCfg = Debug|Any CPU
		{5838AD01-3183-4E03-8E12-F5332AFD4573}.Debug|Any CPU.Build.0 = Debug|Any CPU
		{5838AD01-3183-4E03-8E12-F5332AFD4573}.Release|Any CPU.ActiveCfg = Release|Any CPU
		{5838AD01-3183-4E03-8E12-F5332AFD4573}.Release|Any CPU.Build.0 = Release|Any CPU
		{DA7AB283-CACA-4722-B015-56B123480B2B}.Debug|Any CPU.ActiveCfg = Debug|Any CPU
		{DA7AB283-CACA-4722-B015-56B123480B2B}.Debug|Any CPU.Build.0 = Debug|Any CPU
		{DA7AB283-CACA-4722-B015-56B123480B2B}.Release|Any CPU.ActiveCfg = Release|Any CPU
		{DA7AB283-CACA-4722-B015-56B123480B2B}.Release|Any CPU.Build.0 = Release|Any CPU
	EndGlobalSection
	GlobalSection(SolutionProperties) = preSolution
		HideSolutionNode = FALSE
	EndGlobalSection
EndGlobal
